Microsoft Visual Studio Solution File, Format Version 12.00
# Visual Studio Version 17
VisualStudioVersion = 17.5.2.0
MinimumVisualStudioVersion = 10.0.40219.1
Project("{FAE04EC0-301F-11D3-BF4B-00C04F79EFBC}") = "InventoryApp", "InventoryApp.csproj", "{D21090C6-0F3E-A69A-5341-25A916D2E71F}"
EndProject
Global
	GlobalSection(SolutionConfigurationPlatforms) = preSolution
		Debug|Any CPU = Debug|Any CPU
		Release|Any CPU = Release|Any CPU
	EndGlobalSection
	GlobalSection(ProjectConfigurationPlatforms) = postSolution
		{D21090C6-0F3E-A69A-5341-25A916D2E71F}.Debug|Any CPU.ActiveCfg = Debug|Any CPU
		{D21090C6-0F3E-A69A-5341-25A916D2E71F}.Debug|Any CPU.Build.0 = Debug|Any CPU
		{D21090C6-0F3E-A69A-5341-25A916D2E71F}.Release|Any CPU.ActiveCfg = Release|Any CPU
		{D21090C6-0F3E-A69A-5341-25A916D2E71F}.Release|Any CPU.Build.0 = Release|Any CPU
	EndGlobalSection
	GlobalSection(SolutionProperties) = preSolution
		HideSolutionNode = FALSE
	EndGlobalSection
	GlobalSection(ExtensibilityGlobals) = postSolution
		SolutionGuid = {CA20561C-03BB-41E5-954C-2FFB84923B81}
	EndGlobalSection
EndGlobal
